
Microsoft Visual Studio Solution File, Format Version 12.00
# Visual Studio Version 16
VisualStudioVersion = 16.0.31410.357
MinimumVisualStudioVersion = 10.0.40219.1
Project("{2150E333-8FDC-42A3-9474-1A3956D46DE8}") = "services", "services", "{8EAB0405-3A7F-4EE5-A489-D8BE49DF9E64}"
EndProject
Project("{2150E333-8FDC-42A3-9474-1A3956D46DE8}") = "src", "src", "{D828393F-0DCD-4491-A29B-415D2292245C}"
EndProject
Project("{2150E333-8FDC-42A3-9474-1A3956D46DE8}") = "tests", "tests", "{DDFFF668-A2F3-4201-A45B-654993DF4B4C}"
EndProject
Project("{2150E333-8FDC-42A3-9474-1A3956D46DE8}") = "Solution Items", "Solution Items", "{48997282-1647-465D-B870-2974D4CF83D5}"
	ProjectSection(SolutionItems) = preProject
		docker-compose.yml = docker-compose.yml
		Dockerfile = Dockerfile
		Readme = Readme
		settings.ruleset = settings.ruleset
	EndProjectSection
EndProject
Project("{FAE04EC0-301F-11D3-BF4B-00C04F79EFBC}") = "GamesApi", "GamesApi\GamesApi.csproj", "{01F6F33C-45F7-4850-BAE3-66BDE282A4A9}"
EndProject
Project("{FAE04EC0-301F-11D3-BF4B-00C04F79EFBC}") = "GamesApi.Service", "GamesApi.Service\GamesApi.Service.csproj", "{616A52F4-EB5D-43C2-9F80-01C7B429A80E}"
EndProject
Global
	GlobalSection(SolutionConfigurationPlatforms) = preSolution
		Debug|Any CPU = Debug|Any CPU
		Release|Any CPU = Release|Any CPU
	EndGlobalSection
	GlobalSection(ProjectConfigurationPlatforms) = postSolution
		{01F6F33C-45F7-4850-BAE3-66BDE282A4A9}.Debug|Any CPU.ActiveCfg = Debug|Any CPU
		{01F6F33C-45F7-4850-BAE3-66BDE282A4A9}.Debug|Any CPU.Build.0 = Debug|Any CPU
		{01F6F33C-45F7-4850-BAE3-66BDE282A4A9}.Release|Any CPU.ActiveCfg = Release|Any CPU
		{01F6F33C-45F7-4850-BAE3-66BDE282A4A9}.Release|Any CPU.Build.0 = Release|Any CPU
		{616A52F4-EB5D-43C2-9F80-01C7B429A80E}.Debug|Any CPU.ActiveCfg = Debug|Any CPU
		{616A52F4-EB5D-43C2-9F80-01C7B429A80E}.Debug|Any CPU.Build.0 = Debug|Any CPU
		{616A52F4-EB5D-43C2-9F80-01C7B429A80E}.Release|Any CPU.ActiveCfg = Release|Any CPU
		{616A52F4-EB5D-43C2-9F80-01C7B429A80E}.Release|Any CPU.Build.0 = Release|Any CPU
	EndGlobalSection
	GlobalSection(SolutionProperties) = preSolution
		HideSolutionNode = FALSE
	EndGlobalSection
	GlobalSection(NestedProjects) = preSolution
		{01F6F33C-45F7-4850-BAE3-66BDE282A4A9} = {D828393F-0DCD-4491-A29B-415D2292245C}
		{616A52F4-EB5D-43C2-9F80-01C7B429A80E} = {8EAB0405-3A7F-4EE5-A489-D8BE49DF9E64}
	EndGlobalSection
	GlobalSection(ExtensibilityGlobals) = postSolution
		SolutionGuid = {A6C3D83B-128D-4DB0-8622-F3EA02BC3002}
	EndGlobalSection
EndGlobal
